
Microsoft Visual Studio Solution File, Format Version 12.00
# Visual Studio Version 17
VisualStudioVersion = 17.9.34622.214
MinimumVisualStudioVersion = 10.0.40219.1
Project("{9A19103F-16F7-4668-BE54-9A1E7A4F7556}") = "ModuleApp12", "ModuleApp12\ModuleApp12.csproj", "{AA5BA8F3-94F3-4253-9D99-182C96CB6A90}"
EndProject
Global
	GlobalSection(SolutionConfigurationPlatforms) = preSolution
		Debug|Any CPU = Debug|Any CPU
		Release|Any CPU = Release|Any CPU
	EndGlobalSection
	GlobalSection(ProjectConfigurationPlatforms) = postSolution
		{AA5BA8F3-94F3-4253-9D99-182C96CB6A90}.Debug|Any CPU.ActiveCfg = Debug|Any CPU
		{AA5BA8F3-94F3-4253-9D99-182C96CB6A90}.Debug|Any CPU.Build.0 = Debug|Any CPU
		{AA5BA8F3-94F3-4253-9D99-182C96CB6A90}.Release|Any CPU.ActiveCfg = Release|Any CPU
		{AA5BA8F3-94F3-4253-9D99-182C96CB6A90}.Release|Any CPU.Build.0 = Release|Any CPU
	EndGlobalSection
	GlobalSection(SolutionProperties) = preSolution
		HideSolutionNode = FALSE
	EndGlobalSection
	GlobalSection(ExtensibilityGlobals) = postSolution
		SolutionGuid = {F889AE5A-1280-447C-A886-28D127C616F4}
	EndGlobalSection
EndGlobal
